
Microsoft Visual Studio Solution File, Format Version 12.00
# Visual Studio Version 17
VisualStudioVersion = 17.3.32929.385
MinimumVisualStudioVersion = 10.0.40219.1
Project("{FAE04EC0-301F-11D3-BF4B-00C04F79EFBC}") = "Uninove.Calculadora", "Uninove.Calculadora.csproj", "{AAD84FB5-858F-4CE8-B2CE-B393E8A820ED}"
EndProject
Global
	GlobalSection(SolutionConfigurationPlatforms) = preSolution
		Debug|Any CPU = Debug|Any CPU
		Release|Any CPU = Release|Any CPU
	EndGlobalSection
	GlobalSection(ProjectConfigurationPlatforms) = postSolution
		{AAD84FB5-858F-4CE8-B2CE-B393E8A820ED}.Debug|Any CPU.ActiveCfg = Debug|Any CPU
		{AAD84FB5-858F-4CE8-B2CE-B393E8A820ED}.Debug|Any CPU.Build.0 = Debug|Any CPU
		{AAD84FB5-858F-4CE8-B2CE-B393E8A820ED}.Release|Any CPU.ActiveCfg = Release|Any CPU
		{AAD84FB5-858F-4CE8-B2CE-B393E8A820ED}.Release|Any CPU.Build.0 = Release|Any CPU
	EndGlobalSection
	GlobalSection(SolutionProperties) = preSolution
		HideSolutionNode = FALSE
	EndGlobalSection
	GlobalSection(ExtensibilityGlobals) = postSolution
		SolutionGuid = {A43136D3-8781-475B-8FD7-3776AA95A5AA}
	EndGlobalSection
EndGlobal
